<?xml version="1.0" encoding="utf-8"?>
<Project ToolsVersion="4.0" xmlns="http://schemas.microsoft.com/developer/msbuild/2003">
  <ItemGroup>
    <Filter Include="Pliki źródłowe">
      <UniqueIdentifier>{4FC737F1-C7A5-4376-A066-2A32D752A2FF}</UniqueIdentifier>
      <Extensions>cpp;c;cc;cxx;c++;cppm;ixx;def;odl;idl;hpj;bat;asm;asmx</Extensions>
    </Filter>
    <Filter Include="Pliki nagłówkowe">
      <UniqueIdentifier>{93995380-89BD-4b04-88EB-625FBE52EBFB}</UniqueIdentifier>
      <Extensions>h;hh;hpp;hxx;h++;hm;inl;inc;ipp;xsd</Extensions>
    </Filter>
    <Filter Include="Pliki zasobów">
      <UniqueIdentifier>{67DA6AB6-F800-4c08-8B7A-83BB121AAD01}</UniqueIdentifier>
      <Extensions>rc;ico;cur;bmp;dlg;rc2;rct;bin;rgs;gif;jpg;jpeg;jpe;resx;tiff;tif;png;wav;mfcribbon-ms</Extensions>
    </Filter>
    <Filter Include="Pliki nagłówkowe\ai">
      <UniqueIdentifier>{34c22a81-99ae-45c0-87cc-4023db6cfc63}</UniqueIdentifier>
    </Filter>
    <Filter Include="Pliki źródłowe\ai">
      <UniqueIdentifier>{8360a2fa-5233-4211-b907-6b2994059ec1}</UniqueIdentifier>
    </Filter>
    <Filter Include="Pliki źródłowe\gameobjects">
      <UniqueIdentifier>{2d596a1a-53c9-49d9-ac66-e4fe3dc9a72e}</UniqueIdentifier>
    </Filter>
    <Filter Include="Pliki nagłówkowe\gameobjects">
      <UniqueIdentifier>{c26d326d-d3fe-45b2-aa73-09a96609a197}</UniqueIdentifier>
    </Filter>
  </ItemGroup>
  <ItemGroup>
    <ClCompile Include="Game.cpp">
      <Filter>Pliki źródłowe</Filter>
    </ClCompile>
    <ClCompile Include="main.cpp">
      <Filter>Pliki źródłowe</Filter>
    </ClCompile>
    <ClCompile Include="Helpers.cpp">
      <Filter>Pliki źródłowe</Filter>
    </ClCompile>
    <ClCompile Include="Asteroid.cpp">
      <Filter>Pliki źródłowe\gameobjects</Filter>
    </ClCompile>
    <ClCompile Include="Bullet.cpp">
      <Filter>Pliki źródłowe\gameobjects</Filter>
    </ClCompile>
    <ClCompile Include="Player.cpp">
      <Filter>Pliki źródłowe\gameobjects</Filter>
    </ClCompile>
    <ClCompile Include="Matrix.cpp">
      <Filter>Pliki źródłowe\ai</Filter>
    </ClCompile>
    <ClCompile Include="NeuralNet.cpp">
      <Filter>Pliki źródłowe\ai</Filter>
    </ClCompile>
    <ClCompile Include="Collisions.cpp">
      <Filter>Pliki źródłowe</Filter>
    </ClCompile>
    <ClCompile Include="Population.cpp">
      <Filter>Pliki źródłowe\ai</Filter>
    </ClCompile>
    <ClCompile Include="Generation.cpp">
      <Filter>Pliki źródłowe\ai</Filter>
    </ClCompile>
    <ClCompile Include="AiGame.cpp">
      <Filter>Pliki źródłowe</Filter>
    </ClCompile>
    <ClCompile Include="StaticRandom.cpp">
      <Filter>Pliki źródłowe</Filter>
    </ClCompile>
  </ItemGroup>
  <ItemGroup>
    <ClInclude Include="Game.h">
      <Filter>Pliki nagłówkowe</Filter>
    </ClInclude>
    <ClInclude Include="Helpers.h">
      <Filter>Pliki nagłówkowe</Filter>
    </ClInclude>
    <ClInclude Include="Asteroid.h">
      <Filter>Pliki nagłówkowe\gameobjects</Filter>
    </ClInclude>
    <ClInclude Include="Bullet.h">
      <Filter>Pliki nagłówkowe\gameobjects</Filter>
    </ClInclude>
    <ClInclude Include="Player.h">
      <Filter>Pliki nagłówkowe\gameobjects</Filter>
    </ClInclude>
    <ClInclude Include="Matrix.h">
      <Filter>Pliki nagłówkowe\ai</Filter>
    </ClInclude>
    <ClInclude Include="NeuralNet.h">
      <Filter>Pliki nagłówkowe\ai</Filter>
    </ClInclude>
    <ClInclude Include="Collisions.h">
      <Filter>Pliki nagłówkowe</Filter>
    </ClInclude>
    <ClInclude Include="Population.h">
      <Filter>Pliki nagłówkowe\ai</Filter>
    </ClInclude>
    <ClInclude Include="Generation.h">
      <Filter>Pliki nagłówkowe\ai</Filter>
    </ClInclude>
    <ClInclude Include="AiGame.h">
      <Filter>Pliki nagłówkowe</Filter>
    </ClInclude>
    <ClInclude Include="Random.h">
      <Filter>Pliki nagłówkowe</Filter>
    </ClInclude>
    <ClInclude Include="StaticRandom.h">
      <Filter>Pliki nagłówkowe</Filter>
    </ClInclude>
  </ItemGroup>
</Project>